// !$*UTF8*$!
{
	archiveVersion = 1;
	classes = {
	};
	objectVersion = 51;
	objects = {

/* Begin PBXBuildFile section */
		21BEA97B19005D6DBE78A3BA /* Pods_TransformerAppTests.framework in Frameworks */ = {isa = PBXBuildFile; fileRef = 11FA98184A1177C9A8A79284 /* Pods_TransformerAppTests.framework */; };
		6809ED9E2512507A00F3A27D /* AppStrings.swift in Sources */ = {isa = PBXBuildFile; fileRef = 6809ED9D2512507A00F3A27D /* AppStrings.swift */; };
		6809EDA1251270E000F3A27D /* TransformerModel.swift in Sources */ = {isa = PBXBuildFile; fileRef = 6809EDA0251270E000F3A27D /* TransformerModel.swift */; };
		6809EDA7251287F200F3A27D /* TranformersTableViewCell.swift in Sources */ = {isa = PBXBuildFile; fileRef = 6809EDA5251287F200F3A27D /* TranformersTableViewCell.swift */; };
		6809EDA8251287F200F3A27D /* TranformersTableViewCell.xib in Resources */ = {isa = PBXBuildFile; fileRef = 6809EDA6251287F200F3A27D /* TranformersTableViewCell.xib */; };
		6809EDAE2512885100F3A27D /* UITableView+Operations.swift in Sources */ = {isa = PBXBuildFile; fileRef = 6809EDAB2512885000F3A27D /* UITableView+Operations.swift */; };
		6809EDAF2512885100F3A27D /* UITableViewHeader+Extension.swift in Sources */ = {isa = PBXBuildFile; fileRef = 6809EDAC2512885100F3A27D /* UITableViewHeader+Extension.swift */; };
		6809EDB02512885100F3A27D /* UITableViewCell+Extension.swift in Sources */ = {isa = PBXBuildFile; fileRef = 6809EDAD2512885100F3A27D /* UITableViewCell+Extension.swift */; };
		6834B12F25124A4B00310126 /* Connectivity.swift in Sources */ = {isa = PBXBuildFile; fileRef = 6834B12E25124A4B00310126 /* Connectivity.swift */; };
		6834B13125124A4E00310126 /* AppEndPoint.swift in Sources */ = {isa = PBXBuildFile; fileRef = 6834B13025124A4E00310126 /* AppEndPoint.swift */; };
		6834B13325124A5400310126 /* NetworkManager.swift in Sources */ = {isa = PBXBuildFile; fileRef = 6834B13225124A5400310126 /* NetworkManager.swift */; };
		685A9BCD25123A6A00766678 /* AppDelegate.swift in Sources */ = {isa = PBXBuildFile; fileRef = 685A9BCC25123A6A00766678 /* AppDelegate.swift */; };
		685A9BD125123A6A00766678 /* TransformersListViewController.swift in Sources */ = {isa = PBXBuildFile; fileRef = 685A9BD025123A6A00766678 /* TransformersListViewController.swift */; };
		685A9BD425123A6A00766678 /* Main.storyboard in Resources */ = {isa = PBXBuildFile; fileRef = 685A9BD225123A6A00766678 /* Main.storyboard */; };
		685A9BD625123A7500766678 /* Assets.xcassets in Resources */ = {isa = PBXBuildFile; fileRef = 685A9BD525123A7500766678 /* Assets.xcassets */; };
		685A9BD925123A7500766678 /* LaunchScreen.storyboard in Resources */ = {isa = PBXBuildFile; fileRef = 685A9BD725123A7500766678 /* LaunchScreen.storyboard */; };
		685A9BE425123A7500766678 /* TransformerAppTests.swift in Sources */ = {isa = PBXBuildFile; fileRef = 685A9BE325123A7500766678 /* TransformerAppTests.swift */; };
		68C587FC25128DEA00407D83 /* UIView+Extension.swift in Sources */ = {isa = PBXBuildFile; fileRef = 68C587FB25128DEA00407D83 /* UIView+Extension.swift */; };
		68C5880025129C1B00407D83 /* TransformerHeaderView.swift in Sources */ = {isa = PBXBuildFile; fileRef = 68C587FE25129C1B00407D83 /* TransformerHeaderView.swift */; };
		68C5880125129C1B00407D83 /* TransformerHeaderView.xib in Resources */ = {isa = PBXBuildFile; fileRef = 68C587FF25129C1B00407D83 /* TransformerHeaderView.xib */; };
		68CB243E25129E3B00B43815 /* TransformerListViewModalItems.swift in Sources */ = {isa = PBXBuildFile; fileRef = 68CB243D25129E3B00B43815 /* TransformerListViewModalItems.swift */; };
		68CB2442251353AC00B43815 /* AppLocalization.swift in Sources */ = {isa = PBXBuildFile; fileRef = 68CB2440251353AB00B43815 /* AppLocalization.swift */; };
		68CB24462513541E00B43815 /* Extension+Bundle.swift in Sources */ = {isa = PBXBuildFile; fileRef = 68CB24442513541E00B43815 /* Extension+Bundle.swift */; };
		68CB24472513541E00B43815 /* Extension+String.swift in Sources */ = {isa = PBXBuildFile; fileRef = 68CB24452513541E00B43815 /* Extension+String.swift */; };
		68CB2449251354D300B43815 /* TransformerListViewModal.swift in Sources */ = {isa = PBXBuildFile; fileRef = 68CB2448251354D300B43815 /* TransformerListViewModal.swift */; };
		68CB244A2513575E00B43815 /* Localizable.strings in Resources */ = {isa = PBXBuildFile; fileRef = 68CB244C2513575E00B43815 /* Localizable.strings */; };
		B8ABD2A54F6355A4ACF9774F /* Pods_TransformerApp.framework in Frameworks */ = {isa = PBXBuildFile; fileRef = E8EE7A0F39F68158A25FE475 /* Pods_TransformerApp.framework */; };
/* End PBXBuildFile section */

/* Begin PBXContainerItemProxy section */
		685A9BE025123A7500766678 /* PBXContainerItemProxy */ = {
			isa = PBXContainerItemProxy;
			containerPortal = 685A9BC125123A6A00766678 /* Project object */;
			proxyType = 1;
			remoteGlobalIDString = 685A9BC825123A6A00766678;
			remoteInfo = TransformerApp;
		};
/* End PBXContainerItemProxy section */

/* Begin PBXFileReference section */
		11FA98184A1177C9A8A79284 /* Pods_TransformerAppTests.framework */ = {isa = PBXFileReference; explicitFileType = wrapper.framework; includeInIndex = 0; path = Pods_TransformerAppTests.framework; sourceTree = BUILT_PRODUCTS_DIR; };
		339A3F9C0926E10DBF8269C9 /* Pods-TransformerAppTests.release.xcconfig */ = {isa = PBXFileReference; includeInIndex = 1; lastKnownFileType = text.xcconfig; name = "Pods-TransformerAppTests.release.xcconfig"; path = "Target Support Files/Pods-TransformerAppTests/Pods-TransformerAppTests.release.xcconfig"; sourceTree = "<group>"; };
		6809ED9D2512507A00F3A27D /* AppStrings.swift */ = {isa = PBXFileReference; lastKnownFileType = sourcecode.swift; path = AppStrings.swift; sourceTree = "<group>"; };
		6809EDA0251270E000F3A27D /* TransformerModel.swift */ = {isa = PBXFileReference; lastKnownFileType = sourcecode.swift; path = TransformerModel.swift; sourceTree = "<group>"; };
		6809EDA5251287F200F3A27D /* TranformersTableViewCell.swift */ = {isa = PBXFileReference; lastKnownFileType = sourcecode.swift; path = TranformersTableViewCell.swift; sourceTree = "<group>"; };
		6809EDA6251287F200F3A27D /* TranformersTableViewCell.xib */ = {isa = PBXFileReference; lastKnownFileType = file.xib; path = TranformersTableViewCell.xib; sourceTree = "<group>"; };
		6809EDAB2512885000F3A27D /* UITableView+Operations.swift */ = {isa = PBXFileReference; fileEncoding = 4; lastKnownFileType = sourcecode.swift; path = "UITableView+Operations.swift"; sourceTree = "<group>"; };
		6809EDAC2512885100F3A27D /* UITableViewHeader+Extension.swift */ = {isa = PBXFileReference; fileEncoding = 4; lastKnownFileType = sourcecode.swift; path = "UITableViewHeader+Extension.swift"; sourceTree = "<group>"; };
		6809EDAD2512885100F3A27D /* UITableViewCell+Extension.swift */ = {isa = PBXFileReference; fileEncoding = 4; lastKnownFileType = sourcecode.swift; path = "UITableViewCell+Extension.swift"; sourceTree = "<group>"; };
		6834B12E25124A4B00310126 /* Connectivity.swift */ = {isa = PBXFileReference; fileEncoding = 4; lastKnownFileType = sourcecode.swift; path = Connectivity.swift; sourceTree = "<group>"; };
		6834B13025124A4E00310126 /* AppEndPoint.swift */ = {isa = PBXFileReference; lastKnownFileType = sourcecode.swift; path = AppEndPoint.swift; sourceTree = "<group>"; };
		6834B13225124A5400310126 /* NetworkManager.swift */ = {isa = PBXFileReference; lastKnownFileType = sourcecode.swift; path = NetworkManager.swift; sourceTree = "<group>"; };
		685A9BC925123A6A00766678 /* TransformerApp.app */ = {isa = PBXFileReference; explicitFileType = wrapper.application; includeInIndex = 0; path = TransformerApp.app; sourceTree = BUILT_PRODUCTS_DIR; };
		685A9BCC25123A6A00766678 /* AppDelegate.swift */ = {isa = PBXFileReference; lastKnownFileType = sourcecode.swift; path = AppDelegate.swift; sourceTree = "<group>"; };
		685A9BD025123A6A00766678 /* TransformersListViewController.swift */ = {isa = PBXFileReference; lastKnownFileType = sourcecode.swift; path = TransformersListViewController.swift; sourceTree = "<group>"; };
		685A9BD325123A6A00766678 /* Base */ = {isa = PBXFileReference; lastKnownFileType = file.storyboard; name = Base; path = Base.lproj/Main.storyboard; sourceTree = "<group>"; };
		685A9BD525123A7500766678 /* Assets.xcassets */ = {isa = PBXFileReference; lastKnownFileType = folder.assetcatalog; path = Assets.xcassets; sourceTree = "<group>"; };
		685A9BD825123A7500766678 /* Base */ = {isa = PBXFileReference; lastKnownFileType = file.storyboard; name = Base; path = Base.lproj/LaunchScreen.storyboard; sourceTree = "<group>"; };
		685A9BDA25123A7500766678 /* Info.plist */ = {isa = PBXFileReference; lastKnownFileType = text.plist.xml; path = Info.plist; sourceTree = "<group>"; };
		685A9BDF25123A7500766678 /* TransformerAppTests.xctest */ = {isa = PBXFileReference; explicitFileType = wrapper.cfbundle; includeInIndex = 0; path = TransformerAppTests.xctest; sourceTree = BUILT_PRODUCTS_DIR; };
		685A9BE325123A7500766678 /* TransformerAppTests.swift */ = {isa = PBXFileReference; lastKnownFileType = sourcecode.swift; path = TransformerAppTests.swift; sourceTree = "<group>"; };
		685A9BE525123A7500766678 /* Info.plist */ = {isa = PBXFileReference; lastKnownFileType = text.plist.xml; path = Info.plist; sourceTree = "<group>"; };
		68C587FB25128DEA00407D83 /* UIView+Extension.swift */ = {isa = PBXFileReference; lastKnownFileType = sourcecode.swift; path = "UIView+Extension.swift"; sourceTree = "<group>"; };
		68C587FE25129C1B00407D83 /* TransformerHeaderView.swift */ = {isa = PBXFileReference; fileEncoding = 4; lastKnownFileType = sourcecode.swift; path = TransformerHeaderView.swift; sourceTree = "<group>"; };
		68C587FF25129C1B00407D83 /* TransformerHeaderView.xib */ = {isa = PBXFileReference; fileEncoding = 4; lastKnownFileType = file.xib; path = TransformerHeaderView.xib; sourceTree = "<group>"; };
		68CB243D25129E3B00B43815 /* TransformerListViewModalItems.swift */ = {isa = PBXFileReference; lastKnownFileType = sourcecode.swift; path = TransformerListViewModalItems.swift; sourceTree = "<group>"; };
		68CB2440251353AB00B43815 /* AppLocalization.swift */ = {isa = PBXFileReference; fileEncoding = 4; lastKnownFileType = sourcecode.swift; path = AppLocalization.swift; sourceTree = "<group>"; };
		68CB24442513541E00B43815 /* Extension+Bundle.swift */ = {isa = PBXFileReference; fileEncoding = 4; lastKnownFileType = sourcecode.swift; path = "Extension+Bundle.swift"; sourceTree = "<group>"; };
		68CB24452513541E00B43815 /* Extension+String.swift */ = {isa = PBXFileReference; fileEncoding = 4; lastKnownFileType = sourcecode.swift; path = "Extension+String.swift"; sourceTree = "<group>"; };
		68CB2448251354D300B43815 /* TransformerListViewModal.swift */ = {isa = PBXFileReference; lastKnownFileType = sourcecode.swift; path = TransformerListViewModal.swift; sourceTree = "<group>"; };
		68CB244B2513575E00B43815 /* en */ = {isa = PBXFileReference; lastKnownFileType = text.plist.strings; name = en; path = en.lproj/Localizable.strings; sourceTree = "<group>"; };
		6D6595DFEAAAF06B88E84C17 /* Pods-TransformerApp.release.xcconfig */ = {isa = PBXFileReference; includeInIndex = 1; lastKnownFileType = text.xcconfig; name = "Pods-TransformerApp.release.xcconfig"; path = "Target Support Files/Pods-TransformerApp/Pods-TransformerApp.release.xcconfig"; sourceTree = "<group>"; };
		A1E564E5A7C906D69C38375A /* Pods-TransformerAppTests.debug.xcconfig */ = {isa = PBXFileReference; includeInIndex = 1; lastKnownFileType = text.xcconfig; name = "Pods-TransformerAppTests.debug.xcconfig"; path = "Target Support Files/Pods-TransformerAppTests/Pods-TransformerAppTests.debug.xcconfig"; sourceTree = "<group>"; };
		CB454B96C3C2295690F8E7C4 /* Pods-TransformerApp.debug.xcconfig */ = {isa = PBXFileReference; includeInIndex = 1; lastKnownFileType = text.xcconfig; name = "Pods-TransformerApp.debug.xcconfig"; path = "Target Support Files/Pods-TransformerApp/Pods-TransformerApp.debug.xcconfig"; sourceTree = "<group>"; };
		E8EE7A0F39F68158A25FE475 /* Pods_TransformerApp.framework */ = {isa = PBXFileReference; explicitFileType = wrapper.framework; includeInIndex = 0; path = Pods_TransformerApp.framework; sourceTree = BUILT_PRODUCTS_DIR; };
/* End PBXFileReference section */

/* Begin PBXFrameworksBuildPhase section */
		685A9BC625123A6A00766678 /* Frameworks */ = {
			isa = PBXFrameworksBuildPhase;
			buildActionMask = 2147483647;
			files = (
				B8ABD2A54F6355A4ACF9774F /* Pods_TransformerApp.framework in Frameworks */,
			);
			runOnlyForDeploymentPostprocessing = 0;
		};
		685A9BDC25123A7500766678 /* Frameworks */ = {
			isa = PBXFrameworksBuildPhase;
			buildActionMask = 2147483647;
			files = (
				21BEA97B19005D6DBE78A3BA /* Pods_TransformerAppTests.framework in Frameworks */,
			);
			runOnlyForDeploymentPostprocessing = 0;
		};
/* End PBXFrameworksBuildPhase section */

/* Begin PBXGroup section */
		6809ED9C2512506800F3A27D /* Constants */ = {
			isa = PBXGroup;
			children = (
				6809ED9D2512507A00F3A27D /* AppStrings.swift */,
			);
			path = Constants;
			sourceTree = "<group>";
		};
		6809ED9F251270C300F3A27D /* Model */ = {
			isa = PBXGroup;
			children = (
				6809EDA0251270E000F3A27D /* TransformerModel.swift */,
			);
			path = Model;
			sourceTree = "<group>";
		};
		6809EDA22512851A00F3A27D /* View */ = {
			isa = PBXGroup;
			children = (
				68CB243C25129E2400B43815 /* ViewModal */,
				6809EDA42512872C00F3A27D /* CustomCell */,
				6809EDA32512871700F3A27D /* Controllers */,
			);
			path = View;
			sourceTree = "<group>";
		};
		6809EDA32512871700F3A27D /* Controllers */ = {
			isa = PBXGroup;
			children = (
				685A9BD025123A6A00766678 /* TransformersListViewController.swift */,
			);
			path = Controllers;
			sourceTree = "<group>";
		};
		6809EDA42512872C00F3A27D /* CustomCell */ = {
			isa = PBXGroup;
			children = (
				68C587FE25129C1B00407D83 /* TransformerHeaderView.swift */,
				68C587FF25129C1B00407D83 /* TransformerHeaderView.xib */,
				6809EDA5251287F200F3A27D /* TranformersTableViewCell.swift */,
				6809EDA6251287F200F3A27D /* TranformersTableViewCell.xib */,
			);
			path = CustomCell;
			sourceTree = "<group>";
		};
		6809EDAA2512882F00F3A27D /* Extensions */ = {
			isa = PBXGroup;
			children = (
				68CB24442513541E00B43815 /* Extension+Bundle.swift */,
				68CB24452513541E00B43815 /* Extension+String.swift */,
				6809EDAB2512885000F3A27D /* UITableView+Operations.swift */,
				6809EDAD2512885100F3A27D /* UITableViewCell+Extension.swift */,
				6809EDAC2512885100F3A27D /* UITableViewHeader+Extension.swift */,
				68C587FB25128DEA00407D83 /* UIView+Extension.swift */,
			);
			path = Extensions;
			sourceTree = "<group>";
		};
		6834B1292512489300310126 /* AppConfiguration */ = {
			isa = PBXGroup;
			children = (
				685A9BDA25123A7500766678 /* Info.plist */,
				685A9BCC25123A6A00766678 /* AppDelegate.swift */,
			);
			path = AppConfiguration;
			sourceTree = "<group>";
		};
		6834B12A2512489F00310126 /* StoryBoard */ = {
			isa = PBXGroup;
			children = (
				685A9BD725123A7500766678 /* LaunchScreen.storyboard */,
				685A9BD225123A6A00766678 /* Main.storyboard */,
			);
			path = StoryBoard;
			sourceTree = "<group>";
		};
		6834B12B251248E700310126 /* Resources */ = {
			isa = PBXGroup;
			children = (
				685A9BD525123A7500766678 /* Assets.xcassets */,
			);
			path = Resources;
			sourceTree = "<group>";
		};
		6834B13425124A7300310126 /* NetworkLayer */ = {
			isa = PBXGroup;
			children = (
				6834B13725124A9200310126 /* Manager */,
				6834B13625124A8400310126 /* EndPoint */,
				6834B13525124A7D00310126 /* Connectivity */,
			);
			path = NetworkLayer;
			sourceTree = "<group>";
		};
		6834B13525124A7D00310126 /* Connectivity */ = {
			isa = PBXGroup;
			children = (
				6834B12E25124A4B00310126 /* Connectivity.swift */,
			);
			path = Connectivity;
			sourceTree = "<group>";
		};
		6834B13625124A8400310126 /* EndPoint */ = {
			isa = PBXGroup;
			children = (
				6834B13025124A4E00310126 /* AppEndPoint.swift */,
			);
			path = EndPoint;
			sourceTree = "<group>";
		};
		6834B13725124A9200310126 /* Manager */ = {
			isa = PBXGroup;
			children = (
				6834B13225124A5400310126 /* NetworkManager.swift */,
			);
			path = Manager;
			sourceTree = "<group>";
		};
		685A9BC025123A6A00766678 = {
			isa = PBXGroup;
			children = (
				685A9BCB25123A6A00766678 /* TransformerApp */,
				685A9BE225123A7500766678 /* TransformerAppTests */,
				685A9BCA25123A6A00766678 /* Products */,
				6E90B18F324BEB0930575AB8 /* Pods */,
				CFC2858D66A6C3601A9DD6D4 /* Frameworks */,
			);
			sourceTree = "<group>";
		};
		685A9BCA25123A6A00766678 /* Products */ = {
			isa = PBXGroup;
			children = (
				685A9BC925123A6A00766678 /* TransformerApp.app */,
				685A9BDF25123A7500766678 /* TransformerAppTests.xctest */,
			);
			name = Products;
			sourceTree = "<group>";
		};
		685A9BCB25123A6A00766678 /* TransformerApp */ = {
			isa = PBXGroup;
			children = (
				68CB243F2513538B00B43815 /* Localization */,
				6809EDAA2512882F00F3A27D /* Extensions */,
				6809ED9C2512506800F3A27D /* Constants */,
				6834B1292512489300310126 /* AppConfiguration */,
				6834B12B251248E700310126 /* Resources */,
				6834B12A2512489F00310126 /* StoryBoard */,
				6834B13425124A7300310126 /* NetworkLayer */,
				6809ED9F251270C300F3A27D /* Model */,
				6809EDA22512851A00F3A27D /* View */,
			);
			path = TransformerApp;
			sourceTree = "<group>";
		};
		685A9BE225123A7500766678 /* TransformerAppTests */ = {
			isa = PBXGroup;
			children = (
				685A9BE325123A7500766678 /* TransformerAppTests.swift */,
				685A9BE525123A7500766678 /* Info.plist */,
			);
			path = TransformerAppTests;
			sourceTree = "<group>";
		};
		68CB243C25129E2400B43815 /* ViewModal */ = {
			isa = PBXGroup;
			children = (
				68CB243D25129E3B00B43815 /* TransformerListViewModalItems.swift */,
				68CB2448251354D300B43815 /* TransformerListViewModal.swift */,
			);
			path = ViewModal;
			sourceTree = "<group>";
		};
		68CB243F2513538B00B43815 /* Localization */ = {
			isa = PBXGroup;
			children = (
				68CB2440251353AB00B43815 /* AppLocalization.swift */,
				68CB244C2513575E00B43815 /* Localizable.strings */,
			);
			path = Localization;
			sourceTree = "<group>";
		};
		6E90B18F324BEB0930575AB8 /* Pods */ = {
			isa = PBXGroup;
			children = (
				CB454B96C3C2295690F8E7C4 /* Pods-TransformerApp.debug.xcconfig */,
				6D6595DFEAAAF06B88E84C17 /* Pods-TransformerApp.release.xcconfig */,
				A1E564E5A7C906D69C38375A /* Pods-TransformerAppTests.debug.xcconfig */,
				339A3F9C0926E10DBF8269C9 /* Pods-TransformerAppTests.release.xcconfig */,
			);
			path = Pods;
			sourceTree = "<group>";
		};
		CFC2858D66A6C3601A9DD6D4 /* Frameworks */ = {
			isa = PBXGroup;
			children = (
				E8EE7A0F39F68158A25FE475 /* Pods_TransformerApp.framework */,
				11FA98184A1177C9A8A79284 /* Pods_TransformerAppTests.framework */,
			);
			name = Frameworks;
			sourceTree = "<group>";
		};
/* End PBXGroup section */

/* Begin PBXNativeTarget section */
		685A9BC825123A6A00766678 /* TransformerApp */ = {
			isa = PBXNativeTarget;
			buildConfigurationList = 685A9BE825123A7500766678 /* Build configuration list for PBXNativeTarget "TransformerApp" */;
			buildPhases = (
				84E5EB0B8953C11A53273E79 /* [CP] Check Pods Manifest.lock */,
				685A9BC525123A6A00766678 /* Sources */,
				685A9BC625123A6A00766678 /* Frameworks */,
				685A9BC725123A6A00766678 /* Resources */,
				F610DF1E3195CF8FDFFC6D9D /* [CP] Embed Pods Frameworks */,
				68C587FD25128E9B00407D83 /* ShellScript */,
			);
			buildRules = (
			);
			dependencies = (
			);
			name = TransformerApp;
			productName = TransformerApp;
			productReference = 685A9BC925123A6A00766678 /* TransformerApp.app */;
			productType = "com.apple.product-type.application";
		};
		685A9BDE25123A7500766678 /* TransformerAppTests */ = {
			isa = PBXNativeTarget;
			buildConfigurationList = 685A9BEB25123A7500766678 /* Build configuration list for PBXNativeTarget "TransformerAppTests" */;
			buildPhases = (
				318D7B199771740EC74D3C26 /* [CP] Check Pods Manifest.lock */,
				685A9BDB25123A7500766678 /* Sources */,
				685A9BDC25123A7500766678 /* Frameworks */,
				685A9BDD25123A7500766678 /* Resources */,
			);
			buildRules = (
			);
			dependencies = (
				685A9BE125123A7500766678 /* PBXTargetDependency */,
			);
			name = TransformerAppTests;
			productName = TransformerAppTests;
			productReference = 685A9BDF25123A7500766678 /* TransformerAppTests.xctest */;
			productType = "com.apple.product-type.bundle.unit-test";
		};
/* End PBXNativeTarget section */

/* Begin PBXProject section */
		685A9BC125123A6A00766678 /* Project object */ = {
			isa = PBXProject;
			attributes = {
				LastSwiftUpdateCheck = 1170;
				LastUpgradeCheck = 1170;
				ORGANIZATIONNAME = "Bhavuk Chawla";
				TargetAttributes = {
					685A9BC825123A6A00766678 = {
						CreatedOnToolsVersion = 11.7;
					};
					685A9BDE25123A7500766678 = {
						CreatedOnToolsVersion = 11.7;
						TestTargetID = 685A9BC825123A6A00766678;
					};
				};
			};
			buildConfigurationList = 685A9BC425123A6A00766678 /* Build configuration list for PBXProject "TransformerApp" */;
			compatibilityVersion = "Xcode 9.3";
			developmentRegion = en;
			hasScannedForEncodings = 0;
			knownRegions = (
				en,
				Base,
			);
			mainGroup = 685A9BC025123A6A00766678;
			productRefGroup = 685A9BCA25123A6A00766678 /* Products */;
			projectDirPath = "";
			projectRoot = "";
			targets = (
				685A9BC825123A6A00766678 /* TransformerApp */,
				685A9BDE25123A7500766678 /* TransformerAppTests */,
			);
		};
/* End PBXProject section */

/* Begin PBXResourcesBuildPhase section */
		685A9BC725123A6A00766678 /* Resources */ = {
			isa = PBXResourcesBuildPhase;
			buildActionMask = 2147483647;
			files = (
				685A9BD925123A7500766678 /* LaunchScreen.storyboard in Resources */,
				68CB244A2513575E00B43815 /* Localizable.strings in Resources */,
				68C5880125129C1B00407D83 /* TransformerHeaderView.xib in Resources */,
				685A9BD625123A7500766678 /* Assets.xcassets in Resources */,
				685A9BD425123A6A00766678 /* Main.storyboard in Resources */,
				6809EDA8251287F200F3A27D /* TranformersTableViewCell.xib in Resources */,
			);
			runOnlyForDeploymentPostprocessing = 0;
		};
		685A9BDD25123A7500766678 /* Resources */ = {
			isa = PBXResourcesBuildPhase;
			buildActionMask = 2147483647;
			files = (
			);
			runOnlyForDeploymentPostprocessing = 0;
		};
/* End PBXResourcesBuildPhase section */

/* Begin PBXShellScriptBuildPhase section */
		318D7B199771740EC74D3C26 /* [CP] Check Pods Manifest.lock */ = {
			isa = PBXShellScriptBuildPhase;
			buildActionMask = 2147483647;
			files = (
			);
			inputFileListPaths = (
			);
			inputPaths = (
				"${PODS_PODFILE_DIR_PATH}/Podfile.lock",
				"${PODS_ROOT}/Manifest.lock",
			);
			name = "[CP] Check Pods Manifest.lock";
			outputFileListPaths = (
			);
			outputPaths = (
				"$(DERIVED_FILE_DIR)/Pods-TransformerAppTests-checkManifestLockResult.txt",
			);
			runOnlyForDeploymentPostprocessing = 0;
			shellPath = /bin/sh;
			shellScript = "diff \"${PODS_PODFILE_DIR_PATH}/Podfile.lock\" \"${PODS_ROOT}/Manifest.lock\" > /dev/null\nif [ $? != 0 ] ; then\n    # print error to STDERR\n    echo \"error: The sandbox is not in sync with the Podfile.lock. Run 'pod install' or update your CocoaPods installation.\" >&2\n    exit 1\nfi\n# This output is used by Xcode 'outputs' to avoid re-running this script phase.\necho \"SUCCESS\" > \"${SCRIPT_OUTPUT_FILE_0}\"\n";
			showEnvVarsInLog = 0;
		};
		68C587FD25128E9B00407D83 /* ShellScript */ = {
			isa = PBXShellScriptBuildPhase;
			buildActionMask = 2147483647;
			files = (
			);
			inputFileListPaths = (
			);
			inputPaths = (
			);
			outputFileListPaths = (
			);
			outputPaths = (
			);
			runOnlyForDeploymentPostprocessing = 0;
			shellPath = /bin/sh;
			shellScript = "\"${PODS_ROOT}/SwiftLint/swiftlint\"\n";
		};
		84E5EB0B8953C11A53273E79 /* [CP] Check Pods Manifest.lock */ = {
			isa = PBXShellScriptBuildPhase;
			buildActionMask = 2147483647;
			files = (
			);
			inputFileListPaths = (
			);
			inputPaths = (
				"${PODS_PODFILE_DIR_PATH}/Podfile.lock",
				"${PODS_ROOT}/Manifest.lock",
			);
			name = "[CP] Check Pods Manifest.lock";
			outputFileListPaths = (
			);
			outputPaths = (
				"$(DERIVED_FILE_DIR)/Pods-TransformerApp-checkManifestLockResult.txt",
			);
			runOnlyForDeploymentPostprocessing = 0;
			shellPath = /bin/sh;
			shellScript = "diff \"${PODS_PODFILE_DIR_PATH}/Podfile.lock\" \"${PODS_ROOT}/Manifest.lock\" > /dev/null\nif [ $? != 0 ] ; then\n    # print error to STDERR\n    echo \"error: The sandbox is not in sync with the Podfile.lock. Run 'pod install' or update your CocoaPods installation.\" >&2\n    exit 1\nfi\n# This output is used by Xcode 'outputs' to avoid re-running this script phase.\necho \"SUCCESS\" > \"${SCRIPT_OUTPUT_FILE_0}\"\n";
			showEnvVarsInLog = 0;
		};
		F610DF1E3195CF8FDFFC6D9D /* [CP] Embed Pods Frameworks */ = {
			isa = PBXShellScriptBuildPhase;
			buildActionMask = 2147483647;
			files = (
			);
			inputFileListPaths = (
				"${PODS_ROOT}/Target Support Files/Pods-TransformerApp/Pods-TransformerApp-frameworks-${CONFIGURATION}-input-files.xcfilelist",
			);
			name = "[CP] Embed Pods Frameworks";
			outputFileListPaths = (
				"${PODS_ROOT}/Target Support Files/Pods-TransformerApp/Pods-TransformerApp-frameworks-${CONFIGURATION}-output-files.xcfilelist",
			);
			runOnlyForDeploymentPostprocessing = 0;
			shellPath = /bin/sh;
			shellScript = "\"${PODS_ROOT}/Target Support Files/Pods-TransformerApp/Pods-TransformerApp-frameworks.sh\"\n";
			showEnvVarsInLog = 0;
		};
/* End PBXShellScriptBuildPhase section */

/* Begin PBXSourcesBuildPhase section */
		685A9BC525123A6A00766678 /* Sources */ = {
			isa = PBXSourcesBuildPhase;
			buildActionMask = 2147483647;
			files = (
				6809EDAF2512885100F3A27D /* UITableViewHeader+Extension.swift in Sources */,
				685A9BD125123A6A00766678 /* TransformersListViewController.swift in Sources */,
				6809ED9E2512507A00F3A27D /* AppStrings.swift in Sources */,
				68CB24472513541E00B43815 /* Extension+String.swift in Sources */,
				68CB24462513541E00B43815 /* Extension+Bundle.swift in Sources */,
				685A9BCD25123A6A00766678 /* AppDelegate.swift in Sources */,
				6834B13325124A5400310126 /* NetworkManager.swift in Sources */,
				68CB2442251353AC00B43815 /* AppLocalization.swift in Sources */,
				6834B13125124A4E00310126 /* AppEndPoint.swift in Sources */,
				68C587FC25128DEA00407D83 /* UIView+Extension.swift in Sources */,
				6809EDB02512885100F3A27D /* UITableViewCell+Extension.swift in Sources */,
				68CB243E25129E3B00B43815 /* TransformerListViewModalItems.swift in Sources */,
				6809EDAE2512885100F3A27D /* UITableView+Operations.swift in Sources */,
				6834B12F25124A4B00310126 /* Connectivity.swift in Sources */,
				68CB2449251354D300B43815 /* TransformerListViewModal.swift in Sources */,
				6809EDA1251270E000F3A27D /* TransformerModel.swift in Sources */,
				6809EDA7251287F200F3A27D /* TranformersTableViewCell.swift in Sources */,
				68C5880025129C1B00407D83 /* TransformerHeaderView.swift in Sources */,
			);
			runOnlyForDeploymentPostprocessing = 0;
		};
		685A9BDB25123A7500766678 /* Sources */ = {
			isa = PBXSourcesBuildPhase;
			buildActionMask = 2147483647;
			files = (
				685A9BE425123A7500766678 /* TransformerAppTests.swift in Sources */,
			);
			runOnlyForDeploymentPostprocessing = 0;
		};
/* End PBXSourcesBuildPhase section */

/* Begin PBXTargetDependency section */
		685A9BE125123A7500766678 /* PBXTargetDependency */ = {
			isa = PBXTargetDependency;
			target = 685A9BC825123A6A00766678 /* TransformerApp */;
			targetProxy = 685A9BE025123A7500766678 /* PBXContainerItemProxy */;
		};
/* End PBXTargetDependency section */

/* Begin PBXVariantGroup section */
		685A9BD225123A6A00766678 /* Main.storyboard */ = {
			isa = PBXVariantGroup;
			children = (
				685A9BD325123A6A00766678 /* Base */,
			);
			name = Main.storyboard;
			sourceTree = "<group>";
		};
		685A9BD725123A7500766678 /* LaunchScreen.storyboard */ = {
			isa = PBXVariantGroup;
			children = (
				685A9BD825123A7500766678 /* Base */,
			);
			name = LaunchScreen.storyboard;
			sourceTree = "<group>";
		};
		68CB244C2513575E00B43815 /* Localizable.strings */ = {
			isa = PBXVariantGroup;
			children = (
				68CB244B2513575E00B43815 /* en */,
			);
			name = Localizable.strings;
			sourceTree = "<group>";
		};
/* End PBXVariantGroup section */

/* Begin XCBuildConfiguration section */
		685A9BE625123A7500766678 /* Debug */ = {
			isa = XCBuildConfiguration;
			buildSettings = {
				ALWAYS_SEARCH_USER_PATHS = NO;
				CLANG_ANALYZER_NONNULL = YES;
				CLANG_ANALYZER_NUMBER_OBJECT_CONVERSION = YES_AGGRESSIVE;
				CLANG_CXX_LANGUAGE_STANDARD = "gnu++14";
				CLANG_CXX_LIBRARY = "libc++";
				CLANG_ENABLE_MODULES = YES;
				CLANG_ENABLE_OBJC_ARC = YES;
				CLANG_ENABLE_OBJC_WEAK = YES;
				CLANG_WARN_BLOCK_CAPTURE_AUTORELEASING = YES;
				CLANG_WARN_BOOL_CONVERSION = YES;
				CLANG_WARN_COMMA = YES;
				CLANG_WARN_CONSTANT_CONVERSION = YES;
				CLANG_WARN_DEPRECATED_OBJC_IMPLEMENTATIONS = YES;
				CLANG_WARN_DIRECT_OBJC_ISA_USAGE = YES_ERROR;
				CLANG_WARN_DOCUMENTATION_COMMENTS = YES;
				CLANG_WARN_EMPTY_BODY = YES;
				CLANG_WARN_ENUM_CONVERSION = YES;
				CLANG_WARN_INFINITE_RECURSION = YES;
				CLANG_WARN_INT_CONVERSION = YES;
				CLANG_WARN_NON_LITERAL_NULL_CONVERSION = YES;
				CLANG_WARN_OBJC_IMPLICIT_RETAIN_SELF = YES;
				CLANG_WARN_OBJC_LITERAL_CONVERSION = YES;
				CLANG_WARN_OBJC_ROOT_CLASS = YES_ERROR;
				CLANG_WARN_RANGE_LOOP_ANALYSIS = YES;
				CLANG_WARN_STRICT_PROTOTYPES = YES;
				CLANG_WARN_SUSPICIOUS_MOVE = YES;
				CLANG_WARN_UNGUARDED_AVAILABILITY = YES_AGGRESSIVE;
				CLANG_WARN_UNREACHABLE_CODE = YES;
				CLANG_WARN__DUPLICATE_METHOD_MATCH = YES;
				COPY_PHASE_STRIP = NO;
				DEBUG_INFORMATION_FORMAT = dwarf;
				ENABLE_STRICT_OBJC_MSGSEND = YES;
				ENABLE_TESTABILITY = YES;
				GCC_C_LANGUAGE_STANDARD = gnu11;
				GCC_DYNAMIC_NO_PIC = NO;
				GCC_NO_COMMON_BLOCKS = YES;
				GCC_OPTIMIZATION_LEVEL = 0;
				GCC_PREPROCESSOR_DEFINITIONS = (
					"DEBUG=1",
					"$(inherited)",
				);
				GCC_WARN_64_TO_32_BIT_CONVERSION = YES;
				GCC_WARN_ABOUT_RETURN_TYPE = YES_ERROR;
				GCC_WARN_UNDECLARED_SELECTOR = YES;
				GCC_WARN_UNINITIALIZED_AUTOS = YES_AGGRESSIVE;
				GCC_WARN_UNUSED_FUNCTION = YES;
				GCC_WARN_UNUSED_VARIABLE = YES;
				IPHONEOS_DEPLOYMENT_TARGET = 13.7;
				MTL_ENABLE_DEBUG_INFO = INCLUDE_SOURCE;
				MTL_FAST_MATH = YES;
				ONLY_ACTIVE_ARCH = YES;
				SDKROOT = iphoneos;
				SWIFT_ACTIVE_COMPILATION_CONDITIONS = DEBUG;
				SWIFT_OPTIMIZATION_LEVEL = "-Onone";
			};
			name = Debug;
		};
		685A9BE725123A7500766678 /* Release */ = {
			isa = XCBuildConfiguration;
			buildSettings = {
				ALWAYS_SEARCH_USER_PATHS = NO;
				CLANG_ANALYZER_NONNULL = YES;
				CLANG_ANALYZER_NUMBER_OBJECT_CONVERSION = YES_AGGRESSIVE;
				CLANG_CXX_LANGUAGE_STANDARD = "gnu++14";
				CLANG_CXX_LIBRARY = "libc++";
				CLANG_ENABLE_MODULES = YES;
				CLANG_ENABLE_OBJC_ARC = YES;
				CLANG_ENABLE_OBJC_WEAK = YES;
				CLANG_WARN_BLOCK_CAPTURE_AUTORELEASING = YES;
				CLANG_WARN_BOOL_CONVERSION = YES;
				CLANG_WARN_COMMA = YES;
				CLANG_WARN_CONSTANT_CONVERSION = YES;
				CLANG_WARN_DEPRECATED_OBJC_IMPLEMENTATIONS = YES;
				CLANG_WARN_DIRECT_OBJC_ISA_USAGE = YES_ERROR;
				CLANG_WARN_DOCUMENTATION_COMMENTS = YES;
				CLANG_WARN_EMPTY_BODY = YES;
				CLANG_WARN_ENUM_CONVERSION = YES;
				CLANG_WARN_INFINITE_RECURSION = YES;
				CLANG_WARN_INT_CONVERSION = YES;
				CLANG_WARN_NON_LITERAL_NULL_CONVERSION = YES;
				CLANG_WARN_OBJC_IMPLICIT_RETAIN_SELF = YES;
				CLANG_WARN_OBJC_LITERAL_CONVERSION = YES;
				CLANG_WARN_OBJC_ROOT_CLASS = YES_ERROR;
				CLANG_WARN_RANGE_LOOP_ANALYSIS = YES;
				CLANG_WARN_STRICT_PROTOTYPES = YES;
				CLANG_WARN_SUSPICIOUS_MOVE = YES;
				CLANG_WARN_UNGUARDED_AVAILABILITY = YES_AGGRESSIVE;
				CLANG_WARN_UNREACHABLE_CODE = YES;
				CLANG_WARN__DUPLICATE_METHOD_MATCH = YES;
				COPY_PHASE_STRIP = NO;
				DEBUG_INFORMATION_FORMAT = "dwarf-with-dsym";
				ENABLE_NS_ASSERTIONS = NO;
				ENABLE_STRICT_OBJC_MSGSEND = YES;
				GCC_C_LANGUAGE_STANDARD = gnu11;
				GCC_NO_COMMON_BLOCKS = YES;
				GCC_WARN_64_TO_32_BIT_CONVERSION = YES;
				GCC_WARN_ABOUT_RETURN_TYPE = YES_ERROR;
				GCC_WARN_UNDECLARED_SELECTOR = YES;
				GCC_WARN_UNINITIALIZED_AUTOS = YES_AGGRESSIVE;
				GCC_WARN_UNUSED_FUNCTION = YES;
				GCC_WARN_UNUSED_VARIABLE = YES;
				IPHONEOS_DEPLOYMENT_TARGET = 13.7;
				MTL_ENABLE_DEBUG_INFO = NO;
				MTL_FAST_MATH = YES;
				SDKROOT = iphoneos;
				SWIFT_COMPILATION_MODE = wholemodule;
				SWIFT_OPTIMIZATION_LEVEL = "-O";
				VALIDATE_PRODUCT = YES;
			};
			name = Release;
		};
		685A9BE925123A7500766678 /* Debug */ = {
			isa = XCBuildConfiguration;
			baseConfigurationReference = CB454B96C3C2295690F8E7C4 /* Pods-TransformerApp.debug.xcconfig */;
			buildSettings = {
				ASSETCATALOG_COMPILER_APPICON_NAME = AppIcon;
				CODE_SIGN_STYLE = Automatic;
				DEVELOPMENT_TEAM = A5M2P78582;
				INFOPLIST_FILE = "$(SRCROOT)/TransformerApp/AppConfiguration/Info.plist";
				LD_RUNPATH_SEARCH_PATHS = (
					"$(inherited)",
					"@executable_path/Frameworks",
				);
				PRODUCT_BUNDLE_IDENTIFIER = com.TransformerApp;
				PRODUCT_NAME = "$(TARGET_NAME)";
				SWIFT_VERSION = 5.0;
				TARGETED_DEVICE_FAMILY = "1,2";
			};
			name = Debug;
		};
		685A9BEA25123A7500766678 /* Release */ = {
			isa = XCBuildConfiguration;
			baseConfigurationReference = 6D6595DFEAAAF06B88E84C17 /* Pods-TransformerApp.release.xcconfig */;
			buildSettings = {
				ASSETCATALOG_COMPILER_APPICON_NAME = AppIcon;
				CODE_SIGN_STYLE = Automatic;
				DEVELOPMENT_TEAM = A5M2P78582;
				INFOPLIST_FILE = "$(SRCROOT)/TransformerApp/AppConfiguration/Info.plist";
				LD_RUNPATH_SEARCH_PATHS = (
					"$(inherited)",
					"@executable_path/Frameworks",
				);
				PRODUCT_BUNDLE_IDENTIFIER = com.TransformerApp;
				PRODUCT_NAME = "$(TARGET_NAME)";
				SWIFT_VERSION = 5.0;
				TARGETED_DEVICE_FAMILY = "1,2";
			};
			name = Release;
		};
		685A9BEC25123A7500766678 /* Debug */ = {
			isa = XCBuildConfiguration;
			baseConfigurationReference = A1E564E5A7C906D69C38375A /* Pods-TransformerAppTests.debug.xcconfig */;
			buildSettings = {
				ALWAYS_EMBED_SWIFT_STANDARD_LIBRARIES = YES;
				BUNDLE_LOADER = "$(TEST_HOST)";
				CODE_SIGN_STYLE = Automatic;
				DEVELOPMENT_TEAM = A5M2P78582;
				INFOPLIST_FILE = TransformerAppTests/Info.plist;
				IPHONEOS_DEPLOYMENT_TARGET = 13.7;
				LD_RUNPATH_SEARCH_PATHS = (
					"$(inherited)",
					"@executable_path/Frameworks",
					"@loader_path/Frameworks",
				);
				PRODUCT_BUNDLE_IDENTIFIER = com.TransformerAppTests;
				PRODUCT_NAME = "$(TARGET_NAME)";
				SWIFT_VERSION = 5.0;
				TARGETED_DEVICE_FAMILY = "1,2";
				TEST_HOST = "$(BUILT_PRODUCTS_DIR)/TransformerApp.app/TransformerApp";
			};
			name = Debug;
		};
		685A9BED25123A7500766678 /* Release */ = {
			isa = XCBuildConfiguration;
			baseConfigurationReference = 339A3F9C0926E10DBF8269C9 /* Pods-TransformerAppTests.release.xcconfig */;
			buildSettings = {
				ALWAYS_EMBED_SWIFT_STANDARD_LIBRARIES = YES;
				BUNDLE_LOADER = "$(TEST_HOST)";
				CODE_SIGN_STYLE = Automatic;
				DEVELOPMENT_TEAM = A5M2P78582;
				INFOPLIST_FILE = TransformerAppTests/Info.plist;
				IPHONEOS_DEPLOYMENT_TARGET = 13.7;
				LD_RUNPATH_SEARCH_PATHS = (
					"$(inherited)",
					"@executable_path/Frameworks",
					"@loader_path/Frameworks",
				);
				PRODUCT_BUNDLE_IDENTIFIER = com.TransformerAppTests;
				PRODUCT_NAME = "$(TARGET_NAME)";
				SWIFT_VERSION = 5.0;
				TARGETED_DEVICE_FAMILY = "1,2";
				TEST_HOST = "$(BUILT_PRODUCTS_DIR)/TransformerApp.app/TransformerApp";
			};
			name = Release;
		};
/* End XCBuildConfiguration section */

/* Begin XCConfigurationList section */
		685A9BC425123A6A00766678 /* Build configuration list for PBXProject "TransformerApp" */ = {
			isa = XCConfigurationList;
			buildConfigurations = (
				685A9BE625123A7500766678 /* Debug */,
				685A9BE725123A7500766678 /* Release */,
			);
			defaultConfigurationIsVisible = 0;
			defaultConfigurationName = Release;
		};
		685A9BE825123A7500766678 /* Build configuration list for PBXNativeTarget "TransformerApp" */ = {
			isa = XCConfigurationList;
			buildConfigurations = (
				685A9BE925123A7500766678 /* Debug */,
				685A9BEA25123A7500766678 /* Release */,
			);
			defaultConfigurationIsVisible = 0;
			defaultConfigurationName = Release;
		};
		685A9BEB25123A7500766678 /* Build configuration list for PBXNativeTarget "TransformerAppTests" */ = {
			isa = XCConfigurationList;
			buildConfigurations = (
				685A9BEC25123A7500766678 /* Debug */,
				685A9BED25123A7500766678 /* Release */,
			);
			defaultConfigurationIsVisible = 0;
			defaultConfigurationName = Release;
		};
/* End XCConfigurationList section */
	};
	rootObject = 685A9BC125123A6A00766678 /* Project object */;
}
